
Microsoft Visual Studio Solution File, Format Version 12.00
# Visual Studio 2013
VisualStudioVersion = 12.0.30501.0
MinimumVisualStudioVersion = 10.0.40219.1
Project("{F2A71F9B-5D33-465A-A702-920D77279786}") = "kneecap", "kneecap\kneecap.fsproj", "{39D79C6D-04F7-404D-BD3A-4E9D71987994}"
EndProject
Project("{F2A71F9B-5D33-465A-A702-920D77279786}") = "kneet", "kneet\kneet.fsproj", "{9EBC0CEB-CA36-43EC-A90B-1B78B1656B6F}"
EndProject
Global
	GlobalSection(SolutionConfigurationPlatforms) = preSolution
		Debug|Any CPU = Debug|Any CPU
		Debug|Mixed Platforms = Debug|Mixed Platforms
		Debug|x86 = Debug|x86
		Release|Any CPU = Release|Any CPU
		Release|Mixed Platforms = Release|Mixed Platforms
		Release|x86 = Release|x86
	EndGlobalSection
	GlobalSection(ProjectConfigurationPlatforms) = postSolution
		{39D79C6D-04F7-404D-BD3A-4E9D71987994}.Debug|Any CPU.ActiveCfg = Debug|Any CPU
		{39D79C6D-04F7-404D-BD3A-4E9D71987994}.Debug|Any CPU.Build.0 = Debug|Any CPU
		{39D79C6D-04F7-404D-BD3A-4E9D71987994}.Debug|Mixed Platforms.ActiveCfg = Debug|x86
		{39D79C6D-04F7-404D-BD3A-4E9D71987994}.Debug|Mixed Platforms.Build.0 = Debug|x86
		{39D79C6D-04F7-404D-BD3A-4E9D71987994}.Debug|x86.ActiveCfg = Debug|x86
		{39D79C6D-04F7-404D-BD3A-4E9D71987994}.Debug|x86.Build.0 = Debug|x86
		{39D79C6D-04F7-404D-BD3A-4E9D71987994}.Release|Any CPU.ActiveCfg = Release|Any CPU
		{39D79C6D-04F7-404D-BD3A-4E9D71987994}.Release|Any CPU.Build.0 = Release|Any CPU
		{39D79C6D-04F7-404D-BD3A-4E9D71987994}.Release|Mixed Platforms.ActiveCfg = Release|x86
		{39D79C6D-04F7-404D-BD3A-4E9D71987994}.Release|Mixed Platforms.Build.0 = Release|x86
		{39D79C6D-04F7-404D-BD3A-4E9D71987994}.Release|x86.ActiveCfg = Release|x86
		{39D79C6D-04F7-404D-BD3A-4E9D71987994}.Release|x86.Build.0 = Release|x86
		{9EBC0CEB-CA36-43EC-A90B-1B78B1656B6F}.Debug|Any CPU.ActiveCfg = Debug|Any CPU
		{9EBC0CEB-CA36-43EC-A90B-1B78B1656B6F}.Debug|Any CPU.Build.0 = Debug|Any CPU
		{9EBC0CEB-CA36-43EC-A90B-1B78B1656B6F}.Debug|Mixed Platforms.ActiveCfg = Debug|x86
		{9EBC0CEB-CA36-43EC-A90B-1B78B1656B6F}.Debug|Mixed Platforms.Build.0 = Debug|x86
		{9EBC0CEB-CA36-43EC-A90B-1B78B1656B6F}.Debug|x86.ActiveCfg = Debug|x86
		{9EBC0CEB-CA36-43EC-A90B-1B78B1656B6F}.Debug|x86.Build.0 = Debug|x86
		{9EBC0CEB-CA36-43EC-A90B-1B78B1656B6F}.Release|Any CPU.ActiveCfg = Release|Any CPU
		{9EBC0CEB-CA36-43EC-A90B-1B78B1656B6F}.Release|Any CPU.Build.0 = Release|Any CPU
		{9EBC0CEB-CA36-43EC-A90B-1B78B1656B6F}.Release|Mixed Platforms.ActiveCfg = Release|Any CPU
		{9EBC0CEB-CA36-43EC-A90B-1B78B1656B6F}.Release|Mixed Platforms.Build.0 = Release|Any CPU
		{9EBC0CEB-CA36-43EC-A90B-1B78B1656B6F}.Release|x86.ActiveCfg = Release|Any CPU
	EndGlobalSection
	GlobalSection(SolutionProperties) = preSolution
		HideSolutionNode = FALSE
	EndGlobalSection
EndGlobal
